// !$*UTF8*$!
{
	archiveVersion = 1;
	classes = {
	};
	objectVersion = 48;
	objects = {

/* Begin PBXBuildFile section */
		B1D777131FD937B8000F3289 /* AppDelegate.swift in Sources */ = {isa = PBXBuildFile; fileRef = B1D777121FD937B8000F3289 /* AppDelegate.swift */; };
		B1D777151FD937B8000F3289 /* ViewController.swift in Sources */ = {isa = PBXBuildFile; fileRef = B1D777141FD937B8000F3289 /* ViewController.swift */; };
		B1D777181FD937B8000F3289 /* Main.storyboard in Resources */ = {isa = PBXBuildFile; fileRef = B1D777161FD937B8000F3289 /* Main.storyboard */; };
		B1D7771A1FD937B8000F3289 /* Assets.xcassets in Resources */ = {isa = PBXBuildFile; fileRef = B1D777191FD937B8000F3289 /* Assets.xcassets */; };
		B1D7771D1FD937B8000F3289 /* LaunchScreen.storyboard in Resources */ = {isa = PBXBuildFile; fileRef = B1D7771B1FD937B8000F3289 /* LaunchScreen.storyboard */; };
		B1D777281FD937B8000F3289 /* GitHubTests.swift in Sources */ = {isa = PBXBuildFile; fileRef = B1D777271FD937B8000F3289 /* GitHubTests.swift */; };
		B1D777331FD937B9000F3289 /* GitHubUITests.swift in Sources */ = {isa = PBXBuildFile; fileRef = B1D777321FD937B9000F3289 /* GitHubUITests.swift */; };
/* End PBXBuildFile section */

/* Begin PBXContainerItemProxy section */
		B1D777241FD937B8000F3289 /* PBXContainerItemProxy */ = {
			isa = PBXContainerItemProxy;
			containerPortal = B1D777071FD937B8000F3289 /* Project object */;
			proxyType = 1;
			remoteGlobalIDString = B1D7770E1FD937B8000F3289;
			remoteInfo = GitHub;
		};
		B1D7772F1FD937B9000F3289 /* PBXContainerItemProxy */ = {
			isa = PBXContainerItemProxy;
			containerPortal = B1D777071FD937B8000F3289 /* Project object */;
			proxyType = 1;
			remoteGlobalIDString = B1D7770E1FD937B8000F3289;
			remoteInfo = GitHub;
		};
/* End PBXContainerItemProxy section */

/* Begin PBXFileReference section */
		B1D7770F1FD937B8000F3289 /* GitHub.app */ = {isa = PBXFileReference; explicitFileType = wrapper.application; includeInIndex = 0; path = GitHub.app; sourceTree = BUILT_PRODUCTS_DIR; };
		B1D777121FD937B8000F3289 /* AppDelegate.swift */ = {isa = PBXFileReference; lastKnownFileType = sourcecode.swift; path = AppDelegate.swift; sourceTree = "<group>"; };
		B1D777141FD937B8000F3289 /* ViewController.swift */ = {isa = PBXFileReference; lastKnownFileType = sourcecode.swift; path = ViewController.swift; sourceTree = "<group>"; };
		B1D777171FD937B8000F3289 /* Base */ = {isa = PBXFileReference; lastKnownFileType = file.storyboard; name = Base; path = Base.lproj/Main.storyboard; sourceTree = "<group>"; };
		B1D777191FD937B8000F3289 /* Assets.xcassets */ = {isa = PBXFileReference; lastKnownFileType = folder.assetcatalog; path = Assets.xcassets; sourceTree = "<group>"; };
		B1D7771C1FD937B8000F3289 /* Base */ = {isa = PBXFileReference; lastKnownFileType = file.storyboard; name = Base; path = Base.lproj/LaunchScreen.storyboard; sourceTree = "<group>"; };
		B1D7771E1FD937B8000F3289 /* Info.plist */ = {isa = PBXFileReference; lastKnownFileType = text.plist.xml; path = Info.plist; sourceTree = "<group>"; };
		B1D777231FD937B8000F3289 /* GitHubTests.xctest */ = {isa = PBXFileReference; explicitFileType = wrapper.cfbundle; includeInIndex = 0; path = GitHubTests.xctest; sourceTree = BUILT_PRODUCTS_DIR; };
		B1D777271FD937B8000F3289 /* GitHubTests.swift */ = {isa = PBXFileReference; lastKnownFileType = sourcecode.swift; path = GitHubTests.swift; sourceTree = "<group>"; };
		B1D777291FD937B9000F3289 /* Info.plist */ = {isa = PBXFileReference; lastKnownFileType = text.plist.xml; path = Info.plist; sourceTree = "<group>"; };
		B1D7772E1FD937B9000F3289 /* GitHubUITests.xctest */ = {isa = PBXFileReference; explicitFileType = wrapper.cfbundle; includeInIndex = 0; path = GitHubUITests.xctest; sourceTree = BUILT_PRODUCTS_DIR; };
		B1D777321FD937B9000F3289 /* GitHubUITests.swift */ = {isa = PBXFileReference; lastKnownFileType = sourcecode.swift; path = GitHubUITests.swift; sourceTree = "<group>"; };
		B1D777341FD937B9000F3289 /* Info.plist */ = {isa = PBXFileReference; lastKnownFileType = text.plist.xml; path = Info.plist; sourceTree = "<group>"; };
/* End PBXFileReference section */

/* Begin PBXFrameworksBuildPhase section */
		B1D7770C1FD937B8000F3289 /* Frameworks */ = {
			isa = PBXFrameworksBuildPhase;
			buildActionMask = 2147483647;
			files = (
			);
			runOnlyForDeploymentPostprocessing = 0;
		};
		B1D777201FD937B8000F3289 /* Frameworks */ = {
			isa = PBXFrameworksBuildPhase;
			buildActionMask = 2147483647;
			files = (
			);
			runOnlyForDeploymentPostprocessing = 0;
		};
		B1D7772B1FD937B9000F3289 /* Frameworks */ = {
			isa = PBXFrameworksBuildPhase;
			buildActionMask = 2147483647;
			files = (
			);
			runOnlyForDeploymentPostprocessing = 0;
		};
/* End PBXFrameworksBuildPhase section */

/* Begin PBXGroup section */
		B1D777061FD937B8000F3289 = {
			isa = PBXGroup;
			children = (
				B1D777111FD937B8000F3289 /* GitHub */,
				B1D777261FD937B8000F3289 /* GitHubTests */,
				B1D777311FD937B9000F3289 /* GitHubUITests */,
				B1D777101FD937B8000F3289 /* Products */,
			);
			sourceTree = "<group>";
		};
		B1D777101FD937B8000F3289 /* Products */ = {
			isa = PBXGroup;
			children = (
				B1D7770F1FD937B8000F3289 /* GitHub.app */,
				B1D777231FD937B8000F3289 /* GitHubTests.xctest */,
				B1D7772E1FD937B9000F3289 /* GitHubUITests.xctest */,
			);
			name = Products;
			sourceTree = "<group>";
		};
		B1D777111FD937B8000F3289 /* GitHub */ = {
			isa = PBXGroup;
			children = (
				B1D777121FD937B8000F3289 /* AppDelegate.swift */,
				B1D777141FD937B8000F3289 /* ViewController.swift */,
				B1D777161FD937B8000F3289 /* Main.storyboard */,
				B1D777191FD937B8000F3289 /* Assets.xcassets */,
				B1D7771B1FD937B8000F3289 /* LaunchScreen.storyboard */,
				B1D7771E1FD937B8000F3289 /* Info.plist */,
			);
			path = GitHub;
			sourceTree = "<group>";
		};
		B1D777261FD937B8000F3289 /* GitHubTests */ = {
			isa = PBXGroup;
			children = (
				B1D777271FD937B8000F3289 /* GitHubTests.swift */,
				B1D777291FD937B9000F3289 /* Info.plist */,
			);
			path = GitHubTests;
			sourceTree = "<group>";
		};
		B1D777311FD937B9000F3289 /* GitHubUITests */ = {
			isa = PBXGroup;
			children = (
				B1D777321FD937B9000F3289 /* GitHubUITests.swift */,
				B1D777341FD937B9000F3289 /* Info.plist */,
			);
			path = GitHubUITests;
			sourceTree = "<group>";
		};
/* End PBXGroup section */

/* Begin PBXNativeTarget section */
		B1D7770E1FD937B8000F3289 /* GitHub */ = {
			isa = PBXNativeTarget;
			buildConfigurationList = B1D777371FD937B9000F3289 /* Build configuration list for PBXNativeTarget "GitHub" */;
			buildPhases = (
				B1D7770B1FD937B8000F3289 /* Sources */,
				B1D7770C1FD937B8000F3289 /* Frameworks */,
				B1D7770D1FD937B8000F3289 /* Resources */,
			);
			buildRules = (
			);
			dependencies = (
			);
			name = GitHub;
			productName = GitHub;
			productReference = B1D7770F1FD937B8000F3289 /* GitHub.app */;
			productType = "com.apple.product-type.application";
		};
		B1D777221FD937B8000F3289 /* GitHubTests */ = {
			isa = PBXNativeTarget;
			buildConfigurationList = B1D7773A1FD937B9000F3289 /* Build configuration list for PBXNativeTarget "GitHubTests" */;
			buildPhases = (
				B1D7771F1FD937B8000F3289 /* Sources */,
				B1D777201FD937B8000F3289 /* Frameworks */,
				B1D777211FD937B8000F3289 /* Resources */,
			);
			buildRules = (
			);
			dependencies = (
				B1D777251FD937B8000F3289 /* PBXTargetDependency */,
			);
			name = GitHubTests;
			productName = GitHubTests;
			productReference = B1D777231FD937B8000F3289 /* GitHubTests.xctest */;
			productType = "com.apple.product-type.bundle.unit-test";
		};
		B1D7772D1FD937B9000F3289 /* GitHubUITests */ = {
			isa = PBXNativeTarget;
			buildConfigurationList = B1D7773D1FD937B9000F3289 /* Build configuration list for PBXNativeTarget "GitHubUITests" */;
			buildPhases = (
				B1D7772A1FD937B9000F3289 /* Sources */,
				B1D7772B1FD937B9000F3289 /* Frameworks */,
				B1D7772C1FD937B9000F3289 /* Resources */,
			);
			buildRules = (
			);
			dependencies = (
				B1D777301FD937B9000F3289 /* PBXTargetDependency */,
			);
			name = GitHubUITests;
			productName = GitHubUITests;
			productReference = B1D7772E1FD937B9000F3289 /* GitHubUITests.xctest */;
			productType = "com.apple.product-type.bundle.ui-testing";
		};
/* End PBXNativeTarget section */

/* Begin PBXProject section */
		B1D777071FD937B8000F3289 /* Project object */ = {
			isa = PBXProject;
			attributes = {
				LastSwiftUpdateCheck = 0920;
				LastUpgradeCheck = 0920;
				ORGANIZATIONNAME = "Gian Marco Orlando";
				TargetAttributes = {
					B1D7770E1FD937B8000F3289 = {
						CreatedOnToolsVersion = 9.2;
						ProvisioningStyle = Automatic;
					};
					B1D777221FD937B8000F3289 = {
						CreatedOnToolsVersion = 9.2;
						ProvisioningStyle = Automatic;
						TestTargetID = B1D7770E1FD937B8000F3289;
					};
					B1D7772D1FD937B9000F3289 = {
						CreatedOnToolsVersion = 9.2;
						ProvisioningStyle = Automatic;
						TestTargetID = B1D7770E1FD937B8000F3289;
					};
				};
			};
			buildConfigurationList = B1D7770A1FD937B8000F3289 /* Build configuration list for PBXProject "GitHub" */;
			compatibilityVersion = "Xcode 8.0";
			developmentRegion = en;
			hasScannedForEncodings = 0;
			knownRegions = (
				en,
				Base,
			);
			mainGroup = B1D777061FD937B8000F3289;
			productRefGroup = B1D777101FD937B8000F3289 /* Products */;
			projectDirPath = "";
			projectRoot = "";
			targets = (
				B1D7770E1FD937B8000F3289 /* GitHub */,
				B1D777221FD937B8000F3289 /* GitHubTests */,
				B1D7772D1FD937B9000F3289 /* GitHubUITests */,
			);
		};
/* End PBXProject section */

/* Begin PBXResourcesBuildPhase section */
		B1D7770D1FD937B8000F3289 /* Resources */ = {
			isa = PBXResourcesBuildPhase;
			buildActionMask = 2147483647;
			files = (
				B1D7771D1FD937B8000F3289 /* LaunchScreen.storyboard in Resources */,
				B1D7771A1FD937B8000F3289 /* Assets.xcassets in Resources */,
				B1D777181FD937B8000F3289 /* Main.storyboard in Resources */,
			);
			runOnlyForDeploymentPostprocessing = 0;
		};
		B1D777211FD937B8000F3289 /* Resources */ = {
			isa = PBXResourcesBuildPhase;
			buildActionMask = 2147483647;
			files = (
			);
			runOnlyForDeploymentPostprocessing = 0;
		};
		B1D7772C1FD937B9000F3289 /* Resources */ = {
			isa = PBXResourcesBuildPhase;
			buildActionMask = 2147483647;
			files = (
			);
			runOnlyForDeploymentPostprocessing = 0;
		};
/* End PBXResourcesBuildPhase section */

/* Begin PBXSourcesBuildPhase section */
		B1D7770B1FD937B8000F3289 /* Sources */ = {
			isa = PBXSourcesBuildPhase;
			buildActionMask = 2147483647;
			files = (
				B1D777151FD937B8000F3289 /* ViewController.swift in Sources */,
				B1D777131FD937B8000F3289 /* AppDelegate.swift in Sources */,
			);
			runOnlyForDeploymentPostprocessing = 0;
		};
		B1D7771F1FD937B8000F3289 /* Sources */ = {
			isa = PBXSourcesBuildPhase;
			buildActionMask = 2147483647;
			files = (
				B1D777281FD937B8000F3289 /* GitHubTests.swift in Sources */,
			);
			runOnlyForDeploymentPostprocessing = 0;
		};
		B1D7772A1FD937B9000F3289 /* Sources */ = {
			isa = PBXSourcesBuildPhase;
			buildActionMask = 2147483647;
			files = (
				B1D777331FD937B9000F3289 /* GitHubUITests.swift in Sources */,
			);
			runOnlyForDeploymentPostprocessing = 0;
		};
/* End PBXSourcesBuildPhase section */

/* Begin PBXTargetDependency section */
		B1D777251FD937B8000F3289 /* PBXTargetDependency */ = {
			isa = PBXTargetDependency;
			target = B1D7770E1FD937B8000F3289 /* GitHub */;
			targetProxy = B1D777241FD937B8000F3289 /* PBXContainerItemProxy */;
		};
		B1D777301FD937B9000F3289 /* PBXTargetDependency */ = {
			isa = PBXTargetDependency;
			target = B1D7770E1FD937B8000F3289 /* GitHub */;
			targetProxy = B1D7772F1FD937B9000F3289 /* PBXContainerItemProxy */;
		};
/* End PBXTargetDependency section */

/* Begin PBXVariantGroup section */
		B1D777161FD937B8000F3289 /* Main.storyboard */ = {
			isa = PBXVariantGroup;
			children = (
				B1D777171FD937B8000F3289 /* Base */,
			);
			name = Main.storyboard;
			sourceTree = "<group>";
		};
		B1D7771B1FD937B8000F3289 /* LaunchScreen.storyboard */ = {
			isa = PBXVariantGroup;
			children = (
				B1D7771C1FD937B8000F3289 /* Base */,
			);
			name = LaunchScreen.storyboard;
			sourceTree = "<group>";
		};
/* End PBXVariantGroup section */

/* Begin XCBuildConfiguration section */
		B1D777351FD937B9000F3289 /* Debug */ = {
			isa = XCBuildConfiguration;
			buildSettings = {
				ALWAYS_SEARCH_USER_PATHS = NO;
				CLANG_ANALYZER_NONNULL = YES;
				CLANG_ANALYZER_NUMBER_OBJECT_CONVERSION = YES_AGGRESSIVE;
				CLANG_CXX_LANGUAGE_STANDARD = "gnu++14";
				CLANG_CXX_LIBRARY = "libc++";
				CLANG_ENABLE_MODULES = YES;
				CLANG_ENABLE_OBJC_ARC = YES;
				CLANG_WARN_BLOCK_CAPTURE_AUTORELEASING = YES;
				CLANG_WARN_BOOL_CONVERSION = YES;
				CLANG_WARN_COMMA = YES;
				CLANG_WARN_CONSTANT_CONVERSION = YES;
				CLANG_WARN_DIRECT_OBJC_ISA_USAGE = YES_ERROR;
				CLANG_WARN_DOCUMENTATION_COMMENTS = YES;
				CLANG_WARN_EMPTY_BODY = YES;
				CLANG_WARN_ENUM_CONVERSION = YES;
				CLANG_WARN_INFINITE_RECURSION = YES;
				CLANG_WARN_INT_CONVERSION = YES;
				CLANG_WARN_NON_LITERAL_NULL_CONVERSION = YES;
				CLANG_WARN_OBJC_LITERAL_CONVERSION = YES;
				CLANG_WARN_OBJC_ROOT_CLASS = YES_ERROR;
				CLANG_WARN_RANGE_LOOP_ANALYSIS = YES;
				CLANG_WARN_STRICT_PROTOTYPES = YES;
				CLANG_WARN_SUSPICIOUS_MOVE = YES;
				CLANG_WARN_UNGUARDED_AVAILABILITY = YES_AGGRESSIVE;
				CLANG_WARN_UNREACHABLE_CODE = YES;
				CLANG_WARN__DUPLICATE_METHOD_MATCH = YES;
				CODE_SIGN_IDENTITY = "iPhone Developer";
				COPY_PHASE_STRIP = NO;
				DEBUG_INFORMATION_FORMAT = dwarf;
				ENABLE_STRICT_OBJC_MSGSEND = YES;
				ENABLE_TESTABILITY = YES;
				GCC_C_LANGUAGE_STANDARD = gnu11;
				GCC_DYNAMIC_NO_PIC = NO;
				GCC_NO_COMMON_BLOCKS = YES;
				GCC_OPTIMIZATION_LEVEL = 0;
				GCC_PREPROCESSOR_DEFINITIONS = (
					"DEBUG=1",
					"$(inherited)",
				);
				GCC_WARN_64_TO_32_BIT_CONVERSION = YES;
				GCC_WARN_ABOUT_RETURN_TYPE = YES_ERROR;
				GCC_WARN_UNDECLARED_SELECTOR = YES;
				GCC_WARN_UNINITIALIZED_AUTOS = YES_AGGRESSIVE;
				GCC_WARN_UNUSED_FUNCTION = YES;
				GCC_WARN_UNUSED_VARIABLE = YES;
				IPHONEOS_DEPLOYMENT_TARGET = 11.2;
				MTL_ENABLE_DEBUG_INFO = YES;
				ONLY_ACTIVE_ARCH = YES;
				SDKROOT = iphoneos;
				SWIFT_ACTIVE_COMPILATION_CONDITIONS = DEBUG;
				SWIFT_OPTIMIZATION_LEVEL = "-Onone";
			};
			name = Debug;
		};
		B1D777361FD937B9000F3289 /* Release */ = {
			isa = XCBuildConfiguration;
			buildSettings = {
				ALWAYS_SEARCH_USER_PATHS = NO;
				CLANG_ANALYZER_NONNULL = YES;
				CLANG_ANALYZER_NUMBER_OBJECT_CONVERSION = YES_AGGRESSIVE;
				CLANG_CXX_LANGUAGE_STANDARD = "gnu++14";
				CLANG_CXX_LIBRARY = "libc++";
				CLANG_ENABLE_MODULES = YES;
				CLANG_ENABLE_OBJC_ARC = YES;
				CLANG_WARN_BLOCK_CAPTURE_AUTORELEASING = YES;
				CLANG_WARN_BOOL_CONVERSION = YES;
				CLANG_WARN_COMMA = YES;
				CLANG_WARN_CONSTANT_CONVERSION = YES;
				CLANG_WARN_DIRECT_OBJC_ISA_USAGE = YES_ERROR;
				CLANG_WARN_DOCUMENTATION_COMMENTS = YES;
				CLANG_WARN_EMPTY_BODY = YES;
				CLANG_WARN_ENUM_CONVERSION = YES;
				CLANG_WARN_INFINITE_RECURSION = YES;
				CLANG_WARN_INT_CONVERSION = YES;
				CLANG_WARN_NON_LITERAL_NULL_CONVERSION = YES;
				CLANG_WARN_OBJC_LITERAL_CONVERSION = YES;
				CLANG_WARN_OBJC_ROOT_CLASS = YES_ERROR;
				CLANG_WARN_RANGE_LOOP_ANALYSIS = YES;
				CLANG_WARN_STRICT_PROTOTYPES = YES;
				CLANG_WARN_SUSPICIOUS_MOVE = YES;
				CLANG_WARN_UNGUARDED_AVAILABILITY = YES_AGGRESSIVE;
				CLANG_WARN_UNREACHABLE_CODE = YES;
				CLANG_WARN__DUPLICATE_METHOD_MATCH = YES;
				CODE_SIGN_IDENTITY = "iPhone Developer";
				COPY_PHASE_STRIP = NO;
				DEBUG_INFORMATION_FORMAT = "dwarf-with-dsym";
				ENABLE_NS_ASSERTIONS = NO;
				ENABLE_STRICT_OBJC_MSGSEND = YES;
				GCC_C_LANGUAGE_STANDARD = gnu11;
				GCC_NO_COMMON_BLOCKS = YES;
				GCC_WARN_64_TO_32_BIT_CONVERSION = YES;
				GCC_WARN_ABOUT_RETURN_TYPE = YES_ERROR;
				GCC_WARN_UNDECLARED_SELECTOR = YES;
				GCC_WARN_UNINITIALIZED_AUTOS = YES_AGGRESSIVE;
				GCC_WARN_UNUSED_FUNCTION = YES;
				GCC_WARN_UNUSED_VARIABLE = YES;
				IPHONEOS_DEPLOYMENT_TARGET = 11.2;
				MTL_ENABLE_DEBUG_INFO = NO;
				SDKROOT = iphoneos;
				SWIFT_OPTIMIZATION_LEVEL = "-Owholemodule";
				VALIDATE_PRODUCT = YES;
			};
			name = Release;
		};
		B1D777381FD937B9000F3289 /* Debug */ = {
			isa = XCBuildConfiguration;
			buildSettings = {
				ASSETCATALOG_COMPILER_APPICON_NAME = AppIcon;
				CODE_SIGN_STYLE = Automatic;
				INFOPLIST_FILE = GitHub/Info.plist;
				LD_RUNPATH_SEARCH_PATHS = "$(inherited) @executable_path/Frameworks";
				PRODUCT_BUNDLE_IDENTIFIER = "Gian-Marco-Orlando.GitHub";
				PRODUCT_NAME = "$(TARGET_NAME)";
				SWIFT_VERSION = 4.0;
				TARGETED_DEVICE_FAMILY = "1,2";
			};
			name = Debug;
		};
		B1D777391FD937B9000F3289 /* Release */ = {
			isa = XCBuildConfiguration;
			buildSettings = {
				ASSETCATALOG_COMPILER_APPICON_NAME = AppIcon;
				CODE_SIGN_STYLE = Automatic;
				INFOPLIST_FILE = GitHub/Info.plist;
				LD_RUNPATH_SEARCH_PATHS = "$(inherited) @executable_path/Frameworks";
				PRODUCT_BUNDLE_IDENTIFIER = "Gian-Marco-Orlando.GitHub";
				PRODUCT_NAME = "$(TARGET_NAME)";
				SWIFT_VERSION = 4.0;
				TARGETED_DEVICE_FAMILY = "1,2";
			};
			name = Release;
		};
		B1D7773B1FD937B9000F3289 /* Debug */ = {
			isa = XCBuildConfiguration;
			buildSettings = {
				ALWAYS_EMBED_SWIFT_STANDARD_LIBRARIES = YES;
				BUNDLE_LOADER = "$(TEST_HOST)";
				CODE_SIGN_STYLE = Automatic;
				INFOPLIST_FILE = GitHubTests/Info.plist;
				LD_RUNPATH_SEARCH_PATHS = "$(inherited) @executable_path/Frameworks @loader_path/Frameworks";
				PRODUCT_BUNDLE_IDENTIFIER = "Gian-Marco-Orlando.GitHubTests";
				PRODUCT_NAME = "$(TARGET_NAME)";
				SWIFT_VERSION = 4.0;
				TARGETED_DEVICE_FAMILY = "1,2";
				TEST_HOST = "$(BUILT_PRODUCTS_DIR)/GitHub.app/GitHub";
			};
			name = Debug;
		};
		B1D7773C1FD937B9000F3289 /* Release */ = {
			isa = XCBuildConfiguration;
			buildSettings = {
				ALWAYS_EMBED_SWIFT_STANDARD_LIBRARIES = YES;
				BUNDLE_LOADER = "$(TEST_HOST)";
				CODE_SIGN_STYLE = Automatic;
				INFOPLIST_FILE = GitHubTests/Info.plist;
				LD_RUNPATH_SEARCH_PATHS = "$(inherited) @executable_path/Frameworks @loader_path/Frameworks";
				PRODUCT_BUNDLE_IDENTIFIER = "Gian-Marco-Orlando.GitHubTests";
				PRODUCT_NAME = "$(TARGET_NAME)";
				SWIFT_VERSION = 4.0;
				TARGETED_DEVICE_FAMILY = "1,2";
				TEST_HOST = "$(BUILT_PRODUCTS_DIR)/GitHub.app/GitHub";
			};
			name = Release;
		};
		B1D7773E1FD937B9000F3289 /* Debug */ = {
			isa = XCBuildConfiguration;
			buildSettings = {
				ALWAYS_EMBED_SWIFT_STANDARD_LIBRARIES = YES;
				CODE_SIGN_STYLE = Automatic;
				INFOPLIST_FILE = GitHubUITests/Info.plist;
				LD_RUNPATH_SEARCH_PATHS = "$(inherited) @executable_path/Frameworks @loader_path/Frameworks";
				PRODUCT_BUNDLE_IDENTIFIER = "Gian-Marco-Orlando.GitHubUITests";
				PRODUCT_NAME = "$(TARGET_NAME)";
				SWIFT_VERSION = 4.0;
				TARGETED_DEVICE_FAMILY = "1,2";
				TEST_TARGET_NAME = GitHub;
			};
			name = Debug;
		};
		B1D7773F1FD937B9000F3289 /* Release */ = {
			isa = XCBuildConfiguration;
			buildSettings = {
				ALWAYS_EMBED_SWIFT_STANDARD_LIBRARIES = YES;
				CODE_SIGN_STYLE = Automatic;
				INFOPLIST_FILE = GitHubUITests/Info.plist;
				LD_RUNPATH_SEARCH_PATHS = "$(inherited) @executable_path/Frameworks @loader_path/Frameworks";
				PRODUCT_BUNDLE_IDENTIFIER = "Gian-Marco-Orlando.GitHubUITests";
				PRODUCT_NAME = "$(TARGET_NAME)";
				SWIFT_VERSION = 4.0;
				TARGETED_DEVICE_FAMILY = "1,2";
				TEST_TARGET_NAME = GitHub;
			};
			name = Release;
		};
/* End XCBuildConfiguration section */

/* Begin XCConfigurationList section */
		B1D7770A1FD937B8000F3289 /* Build configuration list for PBXProject "GitHub" */ = {
			isa = XCConfigurationList;
			buildConfigurations = (
				B1D777351FD937B9000F3289 /* Debug */,
				B1D777361FD937B9000F3289 /* Release */,
			);
			defaultConfigurationIsVisible = 0;
			defaultConfigurationName = Release;
		};
		B1D777371FD937B9000F3289 /* Build configuration list for PBXNativeTarget "GitHub" */ = {
			isa = XCConfigurationList;
			buildConfigurations = (
				B1D777381FD937B9000F3289 /* Debug */,
				B1D777391FD937B9000F3289 /* Release */,
			);
			defaultConfigurationIsVisible = 0;
			defaultConfigurationName = Release;
		};
		B1D7773A1FD937B9000F3289 /* Build configuration list for PBXNativeTarget "GitHubTests" */ = {
			isa = XCConfigurationList;
			buildConfigurations = (
				B1D7773B1FD937B9000F3289 /* Debug */,
				B1D7773C1FD937B9000F3289 /* Release */,
			);
			defaultConfigurationIsVisible = 0;
			defaultConfigurationName = Release;
		};
		B1D7773D1FD937B9000F3289 /* Build configuration list for PBXNativeTarget "GitHubUITests" */ = {
			isa = XCConfigurationList;
			buildConfigurations = (
				B1D7773E1FD937B9000F3289 /* Debug */,
				B1D7773F1FD937B9000F3289 /* Release */,
			);
			defaultConfigurationIsVisible = 0;
			defaultConfigurationName = Release;
		};
/* End XCConfigurationList section */
	};
	rootObject = B1D777071FD937B8000F3289 /* Project object */;
}
